// !$*UTF8*$!
{
	archiveVersion = 1;
	classes = {
	};
	objectVersion = 56;
	objects = {

/* Begin PBXBuildFile section */
		AFD41AE02A84831A002C3A72 /* MHSOBHCApp.swift in Sources */ = {isa = PBXBuildFile; fileRef = AFD41ADF2A84831A002C3A72 /* MHSOBHCApp.swift */; };
		AFD41AE22A84831A002C3A72 /* ContentView.swift in Sources */ = {isa = PBXBuildFile; fileRef = AFD41AE12A84831A002C3A72 /* ContentView.swift */; };
		AFD41AE42A84831B002C3A72 /* Assets.xcassets in Resources */ = {isa = PBXBuildFile; fileRef = AFD41AE32A84831B002C3A72 /* Assets.xcassets */; };
		AFD41AE72A84831B002C3A72 /* Preview Assets.xcassets in Resources */ = {isa = PBXBuildFile; fileRef = AFD41AE62A84831B002C3A72 /* Preview Assets.xcassets */; };
		AFD41AF12A8488D7002C3A72 /* GamesView.swift in Sources */ = {isa = PBXBuildFile; fileRef = AFD41AF02A8488D7002C3A72 /* GamesView.swift */; };
		AFD41AF32A849FC0002C3A72 /* TeamsView.swift in Sources */ = {isa = PBXBuildFile; fileRef = AFD41AF22A849FC0002C3A72 /* TeamsView.swift */; };
		AFD41AF52A84DE73002C3A72 /* LadderView.swift in Sources */ = {isa = PBXBuildFile; fileRef = AFD41AF42A84DE73002C3A72 /* LadderView.swift */; };
/* End PBXBuildFile section */

/* Begin PBXFileReference section */
		AFD41ADC2A84831A002C3A72 /* MHSOBHC.app */ = {isa = PBXFileReference; explicitFileType = wrapper.application; includeInIndex = 0; path = MHSOBHC.app; sourceTree = BUILT_PRODUCTS_DIR; };
		AFD41ADF2A84831A002C3A72 /* MHSOBHCApp.swift */ = {isa = PBXFileReference; lastKnownFileType = sourcecode.swift; path = MHSOBHCApp.swift; sourceTree = "<group>"; };
		AFD41AE12A84831A002C3A72 /* ContentView.swift */ = {isa = PBXFileReference; lastKnownFileType = sourcecode.swift; path = ContentView.swift; sourceTree = "<group>"; };
		AFD41AE32A84831B002C3A72 /* Assets.xcassets */ = {isa = PBXFileReference; lastKnownFileType = folder.assetcatalog; path = Assets.xcassets; sourceTree = "<group>"; };
		AFD41AE62A84831B002C3A72 /* Preview Assets.xcassets */ = {isa = PBXFileReference; lastKnownFileType = folder.assetcatalog; path = "Preview Assets.xcassets"; sourceTree = "<group>"; };
		AFD41AF02A8488D7002C3A72 /* GamesView.swift */ = {isa = PBXFileReference; lastKnownFileType = sourcecode.swift; path = GamesView.swift; sourceTree = "<group>"; };
		AFD41AF22A849FC0002C3A72 /* TeamsView.swift */ = {isa = PBXFileReference; lastKnownFileType = sourcecode.swift; path = TeamsView.swift; sourceTree = "<group>"; };
		AFD41AF42A84DE73002C3A72 /* LadderView.swift */ = {isa = PBXFileReference; lastKnownFileType = sourcecode.swift; path = LadderView.swift; sourceTree = "<group>"; };
/* End PBXFileReference section */

/* Begin PBXFrameworksBuildPhase section */
		AFD41AD92A84831A002C3A72 /* Frameworks */ = {
			isa = PBXFrameworksBuildPhase;
			buildActionMask = 2147483647;
			files = (
			);
			runOnlyForDeploymentPostprocessing = 0;
		};
/* End PBXFrameworksBuildPhase section */

/* Begin PBXGroup section */
		AFD41AD32A84831A002C3A72 = {
			isa = PBXGroup;
			children = (
				AFD41ADE2A84831A002C3A72 /* MHSOBHC */,
				AFD41ADD2A84831A002C3A72 /* Products */,
			);
			sourceTree = "<group>";
		};
		AFD41ADD2A84831A002C3A72 /* Products */ = {
			isa = PBXGroup;
			children = (
				AFD41ADC2A84831A002C3A72 /* MHSOBHC.app */,
			);
			name = Products;
			sourceTree = "<group>";
		};
		AFD41ADE2A84831A002C3A72 /* MHSOBHC */ = {
			isa = PBXGroup;
			children = (
				AFD41ADF2A84831A002C3A72 /* MHSOBHCApp.swift */,
				AFD41AE12A84831A002C3A72 /* ContentView.swift */,
				AFD41AE32A84831B002C3A72 /* Assets.xcassets */,
				AFD41AE52A84831B002C3A72 /* Preview Content */,
				AFD41AF02A8488D7002C3A72 /* GamesView.swift */,
				AFD41AF22A849FC0002C3A72 /* TeamsView.swift */,
				AFD41AF42A84DE73002C3A72 /* LadderView.swift */,
			);
			path = MHSOBHC;
			sourceTree = "<group>";
		};
		AFD41AE52A84831B002C3A72 /* Preview Content */ = {
			isa = PBXGroup;
			children = (
				AFD41AE62A84831B002C3A72 /* Preview Assets.xcassets */,
			);
			path = "Preview Content";
			sourceTree = "<group>";
		};
/* End PBXGroup section */

/* Begin PBXNativeTarget section */
		AFD41ADB2A84831A002C3A72 /* MHSOBHC */ = {
			isa = PBXNativeTarget;
			buildConfigurationList = AFD41AEA2A84831B002C3A72 /* Build configuration list for PBXNativeTarget "MHSOBHC" */;
			buildPhases = (
				AFD41AD82A84831A002C3A72 /* Sources */,
				AFD41AD92A84831A002C3A72 /* Frameworks */,
				AFD41ADA2A84831A002C3A72 /* Resources */,
			);
			buildRules = (
			);
			dependencies = (
			);
			name = MHSOBHC;
			packageProductDependencies = (
			);
			productName = MHSOBHC;
			productReference = AFD41ADC2A84831A002C3A72 /* MHSOBHC.app */;
			productType = "com.apple.product-type.application";
		};
/* End PBXNativeTarget section */

/* Begin PBXProject section */
		AFD41AD42A84831A002C3A72 /* Project object */ = {
			isa = PBXProject;
			attributes = {
				BuildIndependentTargetsInParallel = 1;
				LastSwiftUpdateCheck = 1430;
				LastUpgradeCheck = 1430;
				TargetAttributes = {
					AFD41ADB2A84831A002C3A72 = {
						CreatedOnToolsVersion = 14.3.1;
					};
				};
			};
			buildConfigurationList = AFD41AD72A84831A002C3A72 /* Build configuration list for PBXProject "MHSOBHC" */;
			compatibilityVersion = "Xcode 14.0";
			developmentRegion = en;
			hasScannedForEncodings = 0;
			knownRegions = (
				en,
				Base,
			);
			mainGroup = AFD41AD32A84831A002C3A72;
			packageReferences = (
			);
			productRefGroup = AFD41ADD2A84831A002C3A72 /* Products */;
			projectDirPath = "";
			projectRoot = "";
			targets = (
				AFD41ADB2A84831A002C3A72 /* MHSOBHC */,
			);
		};
/* End PBXProject section */

/* Begin PBXResourcesBuildPhase section */
		AFD41ADA2A84831A002C3A72 /* Resources */ = {
			isa = PBXResourcesBuildPhase;
			buildActionMask = 2147483647;
			files = (
				AFD41AE72A84831B002C3A72 /* Preview Assets.xcassets in Resources */,
				AFD41AE42A84831B002C3A72 /* Assets.xcassets in Resources */,
			);
			runOnlyForDeploymentPostprocessing = 0;
		};
/* End PBXResourcesBuildPhase section */

/* Begin PBXSourcesBuildPhase section */
		AFD41AD82A84831A002C3A72 /* Sources */ = {
			isa = PBXSourcesBuildPhase;
			buildActionMask = 2147483647;
			files = (
				AFD41AF12A8488D7002C3A72 /* GamesView.swift in Sources */,
				AFD41AE22A84831A002C3A72 /* ContentView.swift in Sources */,
				AFD41AF52A84DE73002C3A72 /* LadderView.swift in Sources */,
				AFD41AE02A84831A002C3A72 /* MHSOBHCApp.swift in Sources */,
				AFD41AF32A849FC0002C3A72 /* TeamsView.swift in Sources */,
			);
			runOnlyForDeploymentPostprocessing = 0;
		};
/* End PBXSourcesBuildPhase section */

/* Begin XCBuildConfiguration section */
		AFD41AE82A84831B002C3A72 /* Debug */ = {
			isa = XCBuildConfiguration;
			buildSettings = {
				ALWAYS_SEARCH_USER_PATHS = NO;
				CLANG_ANALYZER_NONNULL = YES;
				CLANG_ANALYZER_NUMBER_OBJECT_CONVERSION = YES_AGGRESSIVE;
				CLANG_CXX_LANGUAGE_STANDARD = "gnu++20";
				CLANG_ENABLE_MODULES = YES;
				CLANG_ENABLE_OBJC_ARC = YES;
				CLANG_ENABLE_OBJC_WEAK = YES;
				CLANG_WARN_BLOCK_CAPTURE_AUTORELEASING = YES;
				CLANG_WARN_BOOL_CONVERSION = YES;
				CLANG_WARN_COMMA = YES;
				CLANG_WARN_CONSTANT_CONVERSION = YES;
				CLANG_WARN_DEPRECATED_OBJC_IMPLEMENTATIONS = YES;
				CLANG_WARN_DIRECT_OBJC_ISA_USAGE = YES_ERROR;
				CLANG_WARN_DOCUMENTATION_COMMENTS = YES;
				CLANG_WARN_EMPTY_BODY = YES;
				CLANG_WARN_ENUM_CONVERSION = YES;
				CLANG_WARN_INFINITE_RECURSION = YES;
				CLANG_WARN_INT_CONVERSION = YES;
				CLANG_WARN_NON_LITERAL_NULL_CONVERSION = YES;
				CLANG_WARN_OBJC_IMPLICIT_RETAIN_SELF = YES;
				CLANG_WARN_OBJC_LITERAL_CONVERSION = YES;
				CLANG_WARN_OBJC_ROOT_CLASS = YES_ERROR;
				CLANG_WARN_QUOTED_INCLUDE_IN_FRAMEWORK_HEADER = YES;
				CLANG_WARN_RANGE_LOOP_ANALYSIS = YES;
				CLANG_WARN_STRICT_PROTOTYPES = YES;
				CLANG_WARN_SUSPICIOUS_MOVE = YES;
				CLANG_WARN_UNGUARDED_AVAILABILITY = YES_AGGRESSIVE;
				CLANG_WARN_UNREACHABLE_CODE = YES;
				CLANG_WARN__DUPLICATE_METHOD_MATCH = YES;
				COPY_PHASE_STRIP = NO;
				DEBUG_INFORMATION_FORMAT = dwarf;
				ENABLE_STRICT_OBJC_MSGSEND = YES;
				ENABLE_TESTABILITY = YES;
				GCC_C_LANGUAGE_STANDARD = gnu11;
				GCC_DYNAMIC_NO_PIC = NO;
				GCC_NO_COMMON_BLOCKS = YES;
				GCC_OPTIMIZATION_LEVEL = 0;
				GCC_PREPROCESSOR_DEFINITIONS = (
					"DEBUG=1",
					"$(inherited)",
				);
				GCC_WARN_64_TO_32_BIT_CONVERSION = YES;
				GCC_WARN_ABOUT_RETURN_TYPE = YES_ERROR;
				GCC_WARN_UNDECLARED_SELECTOR = YES;
				GCC_WARN_UNINITIALIZED_AUTOS = YES_AGGRESSIVE;
				GCC_WARN_UNUSED_FUNCTION = YES;
				GCC_WARN_UNUSED_VARIABLE = YES;
				IPHONEOS_DEPLOYMENT_TARGET = 16.4;
				MTL_ENABLE_DEBUG_INFO = INCLUDE_SOURCE;
				MTL_FAST_MATH = YES;
				ONLY_ACTIVE_ARCH = YES;
				SDKROOT = iphoneos;
				SWIFT_ACTIVE_COMPILATION_CONDITIONS = DEBUG;
				SWIFT_OPTIMIZATION_LEVEL = "-Onone";
			};
			name = Debug;
		};
		AFD41AE92A84831B002C3A72 /* Release */ = {
			isa = XCBuildConfiguration;
			buildSettings = {
				ALWAYS_SEARCH_USER_PATHS = NO;
				CLANG_ANALYZER_NONNULL = YES;
				CLANG_ANALYZER_NUMBER_OBJECT_CONVERSION = YES_AGGRESSIVE;
				CLANG_CXX_LANGUAGE_STANDARD = "gnu++20";
				CLANG_ENABLE_MODULES = YES;
				CLANG_ENABLE_OBJC_ARC = YES;
				CLANG_ENABLE_OBJC_WEAK = YES;
				CLANG_WARN_BLOCK_CAPTURE_AUTORELEASING = YES;
				CLANG_WARN_BOOL_CONVERSION = YES;
				CLANG_WARN_COMMA = YES;
				CLANG_WARN_CONSTANT_CONVERSION = YES;
				CLANG_WARN_DEPRECATED_OBJC_IMPLEMENTATIONS = YES;
				CLANG_WARN_DIRECT_OBJC_ISA_USAGE = YES_ERROR;
				CLANG_WARN_DOCUMENTATION_COMMENTS = YES;
				CLANG_WARN_EMPTY_BODY = YES;
				CLANG_WARN_ENUM_CONVERSION = YES;
				CLANG_WARN_INFINITE_RECURSION = YES;
				CLANG_WARN_INT_CONVERSION = YES;
				CLANG_WARN_NON_LITERAL_NULL_CONVERSION = YES;
				CLANG_WARN_OBJC_IMPLICIT_RETAIN_SELF = YES;
				CLANG_WARN_OBJC_LITERAL_CONVERSION = YES;
				CLANG_WARN_OBJC_ROOT_CLASS = YES_ERROR;
				CLANG_WARN_QUOTED_INCLUDE_IN_FRAMEWORK_HEADER = YES;
				CLANG_WARN_RANGE_LOOP_ANALYSIS = YES;
				CLANG_WARN_STRICT_PROTOTYPES = YES;
				CLANG_WARN_SUSPICIOUS_MOVE = YES;
				CLANG_WARN_UNGUARDED_AVAILABILITY = YES_AGGRESSIVE;
				CLANG_WARN_UNREACHABLE_CODE = YES;
				CLANG_WARN__DUPLICATE_METHOD_MATCH = YES;
				COPY_PHASE_STRIP = NO;
				DEBUG_INFORMATION_FORMAT = "dwarf-with-dsym";
				ENABLE_NS_ASSERTIONS = NO;
				ENABLE_STRICT_OBJC_MSGSEND = YES;
				GCC_C_LANGUAGE_STANDARD = gnu11;
				GCC_NO_COMMON_BLOCKS = YES;
				GCC_WARN_64_TO_32_BIT_CONVERSION = YES;
				GCC_WARN_ABOUT_RETURN_TYPE = YES_ERROR;
				GCC_WARN_UNDECLARED_SELECTOR = YES;
				GCC_WARN_UNINITIALIZED_AUTOS = YES_AGGRESSIVE;
				GCC_WARN_UNUSED_FUNCTION = YES;
				GCC_WARN_UNUSED_VARIABLE = YES;
				IPHONEOS_DEPLOYMENT_TARGET = 16.4;
				MTL_ENABLE_DEBUG_INFO = NO;
				MTL_FAST_MATH = YES;
				SDKROOT = iphoneos;
				SWIFT_COMPILATION_MODE = wholemodule;
				SWIFT_OPTIMIZATION_LEVEL = "-O";
				VALIDATE_PRODUCT = YES;
			};
			name = Release;
		};
		AFD41AEB2A84831B002C3A72 /* Debug */ = {
			isa = XCBuildConfiguration;
			buildSettings = {
				ASSETCATALOG_COMPILER_APPICON_NAME = AppIcon;
				ASSETCATALOG_COMPILER_GLOBAL_ACCENT_COLOR_NAME = AccentColor;
				CODE_SIGN_STYLE = Automatic;
				CURRENT_PROJECT_VERSION = 1;
				DEVELOPMENT_ASSET_PATHS = "\"MHSOBHC/Preview Content\"";
				DEVELOPMENT_TEAM = 4W572TG7MY;
				ENABLE_PREVIEWS = YES;
				GENERATE_INFOPLIST_FILE = YES;
				INFOPLIST_KEY_UIApplicationSceneManifest_Generation = YES;
				INFOPLIST_KEY_UIApplicationSupportsIndirectInputEvents = YES;
				INFOPLIST_KEY_UILaunchScreen_Generation = YES;
				INFOPLIST_KEY_UISupportedInterfaceOrientations_iPad = "UIInterfaceOrientationPortrait UIInterfaceOrientationPortraitUpsideDown UIInterfaceOrientationLandscapeLeft UIInterfaceOrientationLandscapeRight";
				INFOPLIST_KEY_UISupportedInterfaceOrientations_iPhone = "UIInterfaceOrientationPortrait UIInterfaceOrientationLandscapeLeft UIInterfaceOrientationLandscapeRight";
				LD_RUNPATH_SEARCH_PATHS = (
					"$(inherited)",
					"@executable_path/Frameworks",
				);
				MARKETING_VERSION = 1.0;
				PRODUCT_BUNDLE_IDENTIFIER = com.brettmoxey.MHSOBHC;
				PRODUCT_NAME = "$(TARGET_NAME)";
				SWIFT_EMIT_LOC_STRINGS = YES;
				SWIFT_VERSION = 5.0;
				TARGETED_DEVICE_FAMILY = "1,2";
			};
			name = Debug;
		};
		AFD41AEC2A84831B002C3A72 /* Release */ = {
			isa = XCBuildConfiguration;
			buildSettings = {
				ASSETCATALOG_COMPILER_APPICON_NAME = AppIcon;
				ASSETCATALOG_COMPILER_GLOBAL_ACCENT_COLOR_NAME = AccentColor;
				CODE_SIGN_STYLE = Automatic;
				CURRENT_PROJECT_VERSION = 1;
				DEVELOPMENT_ASSET_PATHS = "\"MHSOBHC/Preview Content\"";
				DEVELOPMENT_TEAM = 4W572TG7MY;
				ENABLE_PREVIEWS = YES;
				GENERATE_INFOPLIST_FILE = YES;
				INFOPLIST_KEY_UIApplicationSceneManifest_Generation = YES;
				INFOPLIST_KEY_UIApplicationSupportsIndirectInputEvents = YES;
				INFOPLIST_KEY_UILaunchScreen_Generation = YES;
				INFOPLIST_KEY_UISupportedInterfaceOrientations_iPad = "UIInterfaceOrientationPortrait UIInterfaceOrientationPortraitUpsideDown UIInterfaceOrientationLandscapeLeft UIInterfaceOrientationLandscapeRight";
				INFOPLIST_KEY_UISupportedInterfaceOrientations_iPhone = "UIInterfaceOrientationPortrait UIInterfaceOrientationLandscapeLeft UIInterfaceOrientationLandscapeRight";
				LD_RUNPATH_SEARCH_PATHS = (
					"$(inherited)",
					"@executable_path/Frameworks",
				);
				MARKETING_VERSION = 1.0;
				PRODUCT_BUNDLE_IDENTIFIER = com.brettmoxey.MHSOBHC;
				PRODUCT_NAME = "$(TARGET_NAME)";
				SWIFT_EMIT_LOC_STRINGS = YES;
				SWIFT_VERSION = 5.0;
				TARGETED_DEVICE_FAMILY = "1,2";
			};
			name = Release;
		};
/* End XCBuildConfiguration section */

/* Begin XCConfigurationList section */
		AFD41AD72A84831A002C3A72 /* Build configuration list for PBXProject "MHSOBHC" */ = {
			isa = XCConfigurationList;
			buildConfigurations = (
				AFD41AE82A84831B002C3A72 /* Debug */,
				AFD41AE92A84831B002C3A72 /* Release */,
			);
			defaultConfigurationIsVisible = 0;
			defaultConfigurationName = Release;
		};
		AFD41AEA2A84831B002C3A72 /* Build configuration list for PBXNativeTarget "MHSOBHC" */ = {
			isa = XCConfigurationList;
			buildConfigurations = (
				AFD41AEB2A84831B002C3A72 /* Debug */,
				AFD41AEC2A84831B002C3A72 /* Release */,
			);
			defaultConfigurationIsVisible = 0;
			defaultConfigurationName = Release;
		};
/* End XCConfigurationList section */
	};
	rootObject = AFD41AD42A84831A002C3A72 /* Project object */;
}
